
Microsoft Visual Studio Solution File, Format Version 12.00
# Visual Studio Version 17
VisualStudioVersion = 17.5.002.0
MinimumVisualStudioVersion = 10.0.40219.1
Project("{9A19103F-16F7-4668-BE54-9A1E7A4F7556}") = "TrabConteudoAcademico", "TrabConteudoAcademico.csproj", "{17B7867F-AE32-4F86-B2FA-5B1660A4CFAA}"
EndProject
Global
	GlobalSection(SolutionConfigurationPlatforms) = preSolution
		Debug|Any CPU = Debug|Any CPU
		Release|Any CPU = Release|Any CPU
	EndGlobalSection
	GlobalSection(ProjectConfigurationPlatforms) = postSolution
		{17B7867F-AE32-4F86-B2FA-5B1660A4CFAA}.Debug|Any CPU.ActiveCfg = Debug|Any CPU
		{17B7867F-AE32-4F86-B2FA-5B1660A4CFAA}.Debug|Any CPU.Build.0 = Debug|Any CPU
		{17B7867F-AE32-4F86-B2FA-5B1660A4CFAA}.Release|Any CPU.ActiveCfg = Release|Any CPU
		{17B7867F-AE32-4F86-B2FA-5B1660A4CFAA}.Release|Any CPU.Build.0 = Release|Any CPU
	EndGlobalSection
	GlobalSection(SolutionProperties) = preSolution
		HideSolutionNode = FALSE
	EndGlobalSection
	GlobalSection(ExtensibilityGlobals) = postSolution
		SolutionGuid = {912A51CB-BCCA-45E7-B4F4-9BA65C6EF770}
	EndGlobalSection
EndGlobal
